
Microsoft Visual Studio Solution File, Format Version 12.00
# Visual Studio Version 17
VisualStudioVersion = 17.9.34728.123
MinimumVisualStudioVersion = 10.0.40219.1
Project("{FAE04EC0-301F-11D3-BF4B-00C04F79EFBC}") = "ATIVIDADE DA PROVA 2", "ATIVIDADE DA PROVA 2\ATIVIDADE DA PROVA 2.csproj", "{BAD06544-356A-42B7-9294-85A8D9EC7649}"
EndProject
Project("{2150E333-8FDC-42A3-9474-1A3956D46DE8}") = "Itens de Solução", "Itens de Solução", "{9E9E7DAE-3B77-46C0-B192-C34C412BD887}"
EndProject
Global
	GlobalSection(SolutionConfigurationPlatforms) = preSolution
		Debug|Any CPU = Debug|Any CPU
		Release|Any CPU = Release|Any CPU
	EndGlobalSection
	GlobalSection(ProjectConfigurationPlatforms) = postSolution
		{BAD06544-356A-42B7-9294-85A8D9EC7649}.Debug|Any CPU.ActiveCfg = Debug|Any CPU
		{BAD06544-356A-42B7-9294-85A8D9EC7649}.Debug|Any CPU.Build.0 = Debug|Any CPU
		{BAD06544-356A-42B7-9294-85A8D9EC7649}.Release|Any CPU.ActiveCfg = Release|Any CPU
		{BAD06544-356A-42B7-9294-85A8D9EC7649}.Release|Any CPU.Build.0 = Release|Any CPU
	EndGlobalSection
	GlobalSection(SolutionProperties) = preSolution
		HideSolutionNode = FALSE
	EndGlobalSection
	GlobalSection(ExtensibilityGlobals) = postSolution
		SolutionGuid = {531FA62B-F721-4FE9-823D-FC305A7F730D}
	EndGlobalSection
EndGlobal
